
Microsoft Visual Studio Solution File, Format Version 11.00
# Visual Studio 2010
Project("{FAE04EC0-301F-11D3-BF4B-00C04F79EFBC}") = "Service", "Service\Service.csproj", "{27BABBC5-79D2-4EE4-A7AC-9060EED07C1E}"
EndProject
Project("{FAE04EC0-301F-11D3-BF4B-00C04F79EFBC}") = "Control", "Control\Control.csproj", "{F50EBC6B-F338-4EEE-B346-6559EA561496}"
EndProject
Project("{FAE04EC0-301F-11D3-BF4B-00C04F79EFBC}") = "DataAccess", "DataAccess\DataAccess.csproj", "{F518E703-68B7-4083-8068-959C556AC887}"
EndProject
Project("{FAE04EC0-301F-11D3-BF4B-00C04F79EFBC}") = "YYService", "YYService\YYService.csproj", "{C68B8A39-1791-4009-BEC7-17748F28A1C0}"
EndProject
Project("{FAE04EC0-301F-11D3-BF4B-00C04F79EFBC}") = "YYApp", "YYApp\YYApp.csproj", "{C86BF771-4E8F-4C7B-9828-8A50347C2744}"
EndProject
Project("{FAE04EC0-301F-11D3-BF4B-00C04F79EFBC}") = "GSProtocol", "GSProtocol\GSProtocol.csproj", "{487F7910-65BB-47FA-96DA-3FDAD8204AAF}"
EndProject
Project("{FAE04EC0-301F-11D3-BF4B-00C04F79EFBC}") = "Protocol", "Protocol\Protocol.csproj", "{0D54A695-FCD0-4706-8ACD-F8E2544A01EF}"
EndProject
Project("{2150E333-8FDC-42A3-9474-1A3956D46DE8}") = "DataProtocol", "DataProtocol", "{2453260D-B6BC-42A7-B8C7-7447793E6EDF}"
EndProject
Project("{FAE04EC0-301F-11D3-BF4B-00C04F79EFBC}") = "YYPack", "YYPack\YYPack.csproj", "{4E971A0C-0F70-4423-BBFA-4310AE0E3FD1}"
EndProject
Project("{FAE04EC0-301F-11D3-BF4B-00C04F79EFBC}") = "GSMMODEM", "GSMMODEM\GSMMODEM.csproj", "{FB9F3FF1-0B65-4FF7-AFBA-4DC918FCDDE4}"
EndProject
Project("{2150E333-8FDC-42A3-9474-1A3956D46DE8}") = "Silverlight", "Silverlight", "{52F08C55-F6C8-42E3-B48D-5FE357DF06D6}"
EndProject
Project("{FAE04EC0-301F-11D3-BF4B-00C04F79EFBC}") = "SLApp", "SLApp\SLApp.csproj", "{0C501EC1-7D54-45A1-BDC4-2B239794BBE3}"
EndProject
Project("{FAE04EC0-301F-11D3-BF4B-00C04F79EFBC}") = "SLService", "SLService\SLService.csproj", "{33593357-36E0-4A73-A47B-1A36F82920E4}"
EndProject
Project("{2150E333-8FDC-42A3-9474-1A3956D46DE8}") = "Tools", "Tools", "{4CA2FDF3-8FAB-4CA1-A99C-0ECED517A5DB}"
EndProject
Project("{FAE04EC0-301F-11D3-BF4B-00C04F79EFBC}") = "ConfigRationTool", "ConfigRationTool\ConfigRationTool.csproj", "{6E9214D5-48C4-4947-9534-6184638BAB34}"
EndProject
Project("{FAE04EC0-301F-11D3-BF4B-00C04F79EFBC}") = "HydrologicProtocol", "HydrologicProtocol\HydrologicProtocol.csproj", "{23DD02D7-82B8-4864-9BAE-A730BDBD7B65}"
EndProject
Project("{FAE04EC0-301F-11D3-BF4B-00C04F79EFBC}") = "DataResave", "DataResave\DataResave.csproj", "{0377CFA4-D1A1-4C59-80A3-40526D2AB763}"
EndProject
Project("{FAE04EC0-301F-11D3-BF4B-00C04F79EFBC}") = "HJT212-2005", "HJT212-2005\HJT212-2005.csproj", "{BEBC275D-0688-4EF6-9161-8F9FB378E3BE}"
EndProject
Project("{FAE04EC0-301F-11D3-BF4B-00C04F79EFBC}") = "DataResaveTool", "DataResaveTool\DataResaveTool.csproj", "{44E1570A-302A-41DB-A249-1444962053AC}"
EndProject
Project("{FAE04EC0-301F-11D3-BF4B-00C04F79EFBC}") = "Center", "Center\Center.csproj", "{BC54F2F2-DB2E-4C89-A731-DCCC3625BF3E}"
EndProject
Project("{FAE04EC0-301F-11D3-BF4B-00C04F79EFBC}") = "DataResaveApplication", "DataResaveApplication\DataResaveApplication.csproj", "{FC9B6E9E-6EE6-47EE-9223-B8C8DC783BFE}"
EndProject
Project("{2150E333-8FDC-42A3-9474-1A3956D46DE8}") = "Resave", "Resave", "{1A18D7A2-8486-434D-87D9-5BE8B766F42F}"
EndProject
Project("{FAE04EC0-301F-11D3-BF4B-00C04F79EFBC}") = "DataResave_HLJ", "DataResave_HLJ\DataResave_HLJ.csproj", "{4B39A930-4188-48A0-A9AC-838C53F9C03B}"
EndProject
Project("{FAE04EC0-301F-11D3-BF4B-00C04F79EFBC}") = "DataResave_AQ", "DataResave_AQ\DataResave_AQ.csproj", "{2B20F295-D332-4B47-B186-DAF093226621}"
EndProject
Project("{FAE04EC0-301F-11D3-BF4B-00C04F79EFBC}") = "ADJC-001", "ADJC-001\ADJC-001.csproj", "{5937E22A-39D3-472F-8BA3-5CA2A739B109}"
EndProject
Project("{FAE04EC0-301F-11D3-BF4B-00C04F79EFBC}") = "MKHY-S3", "MKHY-S3\MKHY-S3.csproj", "{13222627-5EBE-41D5-BA90-A938470F8DD3}"
EndProject
Project("{FAE04EC0-301F-11D3-BF4B-00C04F79EFBC}") = "ProfileCenter", "ProfileCenter\ProfileCenter.csproj", "{BD9F4AEC-F603-4909-9FD4-06635671BAFF}"
EndProject
Project("{FAE04EC0-301F-11D3-BF4B-00C04F79EFBC}") = "OperateXML", "OperateXML\OperateXML.csproj", "{1FB4D8A9-A693-4F1B-8338-2897AA3FE857}"
EndProject
Project("{FAE04EC0-301F-11D3-BF4B-00C04F79EFBC}") = "CenterApp", "CenterApp\CenterApp\CenterApp.csproj", "{EAB8F426-B1FF-428B-A3B5-407AE6143B5F}"
EndProject
Project("{FAE04EC0-301F-11D3-BF4B-00C04F79EFBC}") = "JK", "JK\JK.csproj", "{43AC3736-BAE2-413D-B8DF-E2FB0ECDAA79}"
EndProject
Global
	GlobalSection(SolutionConfigurationPlatforms) = preSolution
		Debug|Any CPU = Debug|Any CPU
		Debug|Mixed Platforms = Debug|Mixed Platforms
		Debug|x86 = Debug|x86
		Release|Any CPU = Release|Any CPU
		Release|Mixed Platforms = Release|Mixed Platforms
		Release|x86 = Release|x86
	EndGlobalSection
	GlobalSection(ProjectConfigurationPlatforms) = postSolution
		{27BABBC5-79D2-4EE4-A7AC-9060EED07C1E}.Debug|Any CPU.ActiveCfg = Debug|x86
		{27BABBC5-79D2-4EE4-A7AC-9060EED07C1E}.Debug|Mixed Platforms.ActiveCfg = Debug|x86
		{27BABBC5-79D2-4EE4-A7AC-9060EED07C1E}.Debug|Mixed Platforms.Build.0 = Debug|x86
		{27BABBC5-79D2-4EE4-A7AC-9060EED07C1E}.Debug|x86.ActiveCfg = Debug|x86
		{27BABBC5-79D2-4EE4-A7AC-9060EED07C1E}.Debug|x86.Build.0 = Debug|x86
		{27BABBC5-79D2-4EE4-A7AC-9060EED07C1E}.Release|Any CPU.ActiveCfg = Release|x86
		{27BABBC5-79D2-4EE4-A7AC-9060EED07C1E}.Release|Mixed Platforms.ActiveCfg = Release|x86
		{27BABBC5-79D2-4EE4-A7AC-9060EED07C1E}.Release|Mixed Platforms.Build.0 = Release|x86
		{27BABBC5-79D2-4EE4-A7AC-9060EED07C1E}.Release|x86.ActiveCfg = Release|x86
		{27BABBC5-79D2-4EE4-A7AC-9060EED07C1E}.Release|x86.Build.0 = Release|x86
		{F50EBC6B-F338-4EEE-B346-6559EA561496}.Debug|Any CPU.ActiveCfg = Debug|Any CPU
		{F50EBC6B-F338-4EEE-B346-6559EA561496}.Debug|Any CPU.Build.0 = Debug|Any CPU
		{F50EBC6B-F338-4EEE-B346-6559EA561496}.Debug|Mixed Platforms.ActiveCfg = Debug|Any CPU
		{F50EBC6B-F338-4EEE-B346-6559EA561496}.Debug|Mixed Platforms.Build.0 = Debug|Any CPU
		{F50EBC6B-F338-4EEE-B346-6559EA561496}.Debug|x86.ActiveCfg = Debug|Any CPU
		{F50EBC6B-F338-4EEE-B346-6559EA561496}.Release|Any CPU.ActiveCfg = Release|Any CPU
		{F50EBC6B-F338-4EEE-B346-6559EA561496}.Release|Any CPU.Build.0 = Release|Any CPU
		{F50EBC6B-F338-4EEE-B346-6559EA561496}.Release|Mixed Platforms.ActiveCfg = Release|Any CPU
		{F50EBC6B-F338-4EEE-B346-6559EA561496}.Release|Mixed Platforms.Build.0 = Release|Any CPU
		{F50EBC6B-F338-4EEE-B346-6559EA561496}.Release|x86.ActiveCfg = Release|Any CPU
		{F518E703-68B7-4083-8068-959C556AC887}.Debug|Any CPU.ActiveCfg = Debug|Any CPU
		{F518E703-68B7-4083-8068-959C556AC887}.Debug|Any CPU.Build.0 = Debug|Any CPU
		{F518E703-68B7-4083-8068-959C556AC887}.Debug|Mixed Platforms.ActiveCfg = Debug|Any CPU
		{F518E703-68B7-4083-8068-959C556AC887}.Debug|Mixed Platforms.Build.0 = Debug|Any CPU
		{F518E703-68B7-4083-8068-959C556AC887}.Debug|x86.ActiveCfg = Debug|Any CPU
		{F518E703-68B7-4083-8068-959C556AC887}.Release|Any CPU.ActiveCfg = Release|Any CPU
		{F518E703-68B7-4083-8068-959C556AC887}.Release|Any CPU.Build.0 = Release|Any CPU
		{F518E703-68B7-4083-8068-959C556AC887}.Release|Mixed Platforms.ActiveCfg = Release|Any CPU
		{F518E703-68B7-4083-8068-959C556AC887}.Release|Mixed Platforms.Build.0 = Release|Any CPU
		{F518E703-68B7-4083-8068-959C556AC887}.Release|x86.ActiveCfg = Release|Any CPU
		{C68B8A39-1791-4009-BEC7-17748F28A1C0}.Debug|Any CPU.ActiveCfg = Debug|x86
		{C68B8A39-1791-4009-BEC7-17748F28A1C0}.Debug|Mixed Platforms.ActiveCfg = Debug|x86
		{C68B8A39-1791-4009-BEC7-17748F28A1C0}.Debug|Mixed Platforms.Build.0 = Debug|x86
		{C68B8A39-1791-4009-BEC7-17748F28A1C0}.Debug|x86.ActiveCfg = Debug|x86
		{C68B8A39-1791-4009-BEC7-17748F28A1C0}.Debug|x86.Build.0 = Debug|x86
		{C68B8A39-1791-4009-BEC7-17748F28A1C0}.Release|Any CPU.ActiveCfg = Release|x86
		{C68B8A39-1791-4009-BEC7-17748F28A1C0}.Release|Mixed Platforms.ActiveCfg = Release|x86
		{C68B8A39-1791-4009-BEC7-17748F28A1C0}.Release|Mixed Platforms.Build.0 = Release|x86
		{C68B8A39-1791-4009-BEC7-17748F28A1C0}.Release|x86.ActiveCfg = Release|x86
		{C68B8A39-1791-4009-BEC7-17748F28A1C0}.Release|x86.Build.0 = Release|x86
		{C86BF771-4E8F-4C7B-9828-8A50347C2744}.Debug|Any CPU.ActiveCfg = Debug|x86
		{C86BF771-4E8F-4C7B-9828-8A50347C2744}.Debug|Mixed Platforms.ActiveCfg = Debug|x86
		{C86BF771-4E8F-4C7B-9828-8A50347C2744}.Debug|Mixed Platforms.Build.0 = Debug|x86
		{C86BF771-4E8F-4C7B-9828-8A50347C2744}.Debug|x86.ActiveCfg = Debug|x86
		{C86BF771-4E8F-4C7B-9828-8A50347C2744}.Debug|x86.Build.0 = Debug|x86
		{C86BF771-4E8F-4C7B-9828-8A50347C2744}.Release|Any CPU.ActiveCfg = Release|x86
		{C86BF771-4E8F-4C7B-9828-8A50347C2744}.Release|Mixed Platforms.ActiveCfg = Release|x86
		{C86BF771-4E8F-4C7B-9828-8A50347C2744}.Release|Mixed Platforms.Build.0 = Release|x86
		{C86BF771-4E8F-4C7B-9828-8A50347C2744}.Release|x86.ActiveCfg = Release|x86
		{C86BF771-4E8F-4C7B-9828-8A50347C2744}.Release|x86.Build.0 = Release|x86
		{487F7910-65BB-47FA-96DA-3FDAD8204AAF}.Debug|Any CPU.ActiveCfg = Debug|Any CPU
		{487F7910-65BB-47FA-96DA-3FDAD8204AAF}.Debug|Any CPU.Build.0 = Debug|Any CPU
		{487F7910-65BB-47FA-96DA-3FDAD8204AAF}.Debug|Mixed Platforms.ActiveCfg = Debug|Any CPU
		{487F7910-65BB-47FA-96DA-3FDAD8204AAF}.Debug|Mixed Platforms.Build.0 = Debug|Any CPU
		{487F7910-65BB-47FA-96DA-3FDAD8204AAF}.Debug|x86.ActiveCfg = Debug|Any CPU
		{487F7910-65BB-47FA-96DA-3FDAD8204AAF}.Release|Any CPU.ActiveCfg = Release|Any CPU
		{487F7910-65BB-47FA-96DA-3FDAD8204AAF}.Release|Any CPU.Build.0 = Release|Any CPU
		{487F7910-65BB-47FA-96DA-3FDAD8204AAF}.Release|Mixed Platforms.ActiveCfg = Release|Any CPU
		{487F7910-65BB-47FA-96DA-3FDAD8204AAF}.Release|Mixed Platforms.Build.0 = Release|Any CPU
		{487F7910-65BB-47FA-96DA-3FDAD8204AAF}.Release|x86.ActiveCfg = Release|Any CPU
		{0D54A695-FCD0-4706-8ACD-F8E2544A01EF}.Debug|Any CPU.ActiveCfg = Debug|Any CPU
		{0D54A695-FCD0-4706-8ACD-F8E2544A01EF}.Debug|Any CPU.Build.0 = Debug|Any CPU
		{0D54A695-FCD0-4706-8ACD-F8E2544A01EF}.Debug|Mixed Platforms.ActiveCfg = Debug|Any CPU
		{0D54A695-FCD0-4706-8ACD-F8E2544A01EF}.Debug|Mixed Platforms.Build.0 = Debug|Any CPU
		{0D54A695-FCD0-4706-8ACD-F8E2544A01EF}.Debug|x86.ActiveCfg = Debug|Any CPU
		{0D54A695-FCD0-4706-8ACD-F8E2544A01EF}.Release|Any CPU.ActiveCfg = Release|Any CPU
		{0D54A695-FCD0-4706-8ACD-F8E2544A01EF}.Release|Any CPU.Build.0 = Release|Any CPU
		{0D54A695-FCD0-4706-8ACD-F8E2544A01EF}.Release|Mixed Platforms.ActiveCfg = Release|Any CPU
		{0D54A695-FCD0-4706-8ACD-F8E2544A01EF}.Release|Mixed Platforms.Build.0 = Release|Any CPU
		{0D54A695-FCD0-4706-8ACD-F8E2544A01EF}.Release|x86.ActiveCfg = Release|Any CPU
		{4E971A0C-0F70-4423-BBFA-4310AE0E3FD1}.Debug|Any CPU.ActiveCfg = Debug|Any CPU
		{4E971A0C-0F70-4423-BBFA-4310AE0E3FD1}.Debug|Any CPU.Build.0 = Debug|Any CPU
		{4E971A0C-0F70-4423-BBFA-4310AE0E3FD1}.Debug|Mixed Platforms.ActiveCfg = Debug|Any CPU
		{4E971A0C-0F70-4423-BBFA-4310AE0E3FD1}.Debug|Mixed Platforms.Build.0 = Debug|Any CPU
		{4E971A0C-0F70-4423-BBFA-4310AE0E3FD1}.Debug|x86.ActiveCfg = Debug|Any CPU
		{4E971A0C-0F70-4423-BBFA-4310AE0E3FD1}.Release|Any CPU.ActiveCfg = Release|Any CPU
		{4E971A0C-0F70-4423-BBFA-4310AE0E3FD1}.Release|Any CPU.Build.0 = Release|Any CPU
		{4E971A0C-0F70-4423-BBFA-4310AE0E3FD1}.Release|Mixed Platforms.ActiveCfg = Release|Any CPU
		{4E971A0C-0F70-4423-BBFA-4310AE0E3FD1}.Release|Mixed Platforms.Build.0 = Release|Any CPU
		{4E971A0C-0F70-4423-BBFA-4310AE0E3FD1}.Release|x86.ActiveCfg = Release|Any CPU
		{FB9F3FF1-0B65-4FF7-AFBA-4DC918FCDDE4}.Debug|Any CPU.ActiveCfg = Debug|Any CPU
		{FB9F3FF1-0B65-4FF7-AFBA-4DC918FCDDE4}.Debug|Any CPU.Build.0 = Debug|Any CPU
		{FB9F3FF1-0B65-4FF7-AFBA-4DC918FCDDE4}.Debug|Mixed Platforms.ActiveCfg = Debug|Any CPU
		{FB9F3FF1-0B65-4FF7-AFBA-4DC918FCDDE4}.Debug|Mixed Platforms.Build.0 = Debug|Any CPU
		{FB9F3FF1-0B65-4FF7-AFBA-4DC918FCDDE4}.Debug|x86.ActiveCfg = Debug|Any CPU
		{FB9F3FF1-0B65-4FF7-AFBA-4DC918FCDDE4}.Release|Any CPU.ActiveCfg = Release|Any CPU
		{FB9F3FF1-0B65-4FF7-AFBA-4DC918FCDDE4}.Release|Any CPU.Build.0 = Release|Any CPU
		{FB9F3FF1-0B65-4FF7-AFBA-4DC918FCDDE4}.Release|Mixed Platforms.ActiveCfg = Release|Any CPU
		{FB9F3FF1-0B65-4FF7-AFBA-4DC918FCDDE4}.Release|Mixed Platforms.Build.0 = Release|Any CPU
		{FB9F3FF1-0B65-4FF7-AFBA-4DC918FCDDE4}.Release|x86.ActiveCfg = Release|Any CPU
		{0C501EC1-7D54-45A1-BDC4-2B239794BBE3}.Debug|Any CPU.ActiveCfg = Debug|x86
		{0C501EC1-7D54-45A1-BDC4-2B239794BBE3}.Debug|Mixed Platforms.ActiveCfg = Debug|x86
		{0C501EC1-7D54-45A1-BDC4-2B239794BBE3}.Debug|Mixed Platforms.Build.0 = Debug|x86
		{0C501EC1-7D54-45A1-BDC4-2B239794BBE3}.Debug|x86.ActiveCfg = Debug|x86
		{0C501EC1-7D54-45A1-BDC4-2B239794BBE3}.Debug|x86.Build.0 = Debug|x86
		{0C501EC1-7D54-45A1-BDC4-2B239794BBE3}.Release|Any CPU.ActiveCfg = Release|x86
		{0C501EC1-7D54-45A1-BDC4-2B239794BBE3}.Release|Mixed Platforms.ActiveCfg = Release|x86
		{0C501EC1-7D54-45A1-BDC4-2B239794BBE3}.Release|Mixed Platforms.Build.0 = Release|x86
		{0C501EC1-7D54-45A1-BDC4-2B239794BBE3}.Release|x86.ActiveCfg = Release|x86
		{0C501EC1-7D54-45A1-BDC4-2B239794BBE3}.Release|x86.Build.0 = Release|x86
		{33593357-36E0-4A73-A47B-1A36F82920E4}.Debug|Any CPU.ActiveCfg = Debug|x86
		{33593357-36E0-4A73-A47B-1A36F82920E4}.Debug|Mixed Platforms.ActiveCfg = Debug|x86
		{33593357-36E0-4A73-A47B-1A36F82920E4}.Debug|Mixed Platforms.Build.0 = Debug|x86
		{33593357-36E0-4A73-A47B-1A36F82920E4}.Debug|x86.ActiveCfg = Debug|x86
		{33593357-36E0-4A73-A47B-1A36F82920E4}.Debug|x86.Build.0 = Debug|x86
		{33593357-36E0-4A73-A47B-1A36F82920E4}.Release|Any CPU.ActiveCfg = Release|x86
		{33593357-36E0-4A73-A47B-1A36F82920E4}.Release|Mixed Platforms.ActiveCfg = Release|x86
		{33593357-36E0-4A73-A47B-1A36F82920E4}.Release|Mixed Platforms.Build.0 = Release|x86
		{33593357-36E0-4A73-A47B-1A36F82920E4}.Release|x86.ActiveCfg = Release|x86
		{33593357-36E0-4A73-A47B-1A36F82920E4}.Release|x86.Build.0 = Release|x86
		{6E9214D5-48C4-4947-9534-6184638BAB34}.Debug|Any CPU.ActiveCfg = Debug|x86
		{6E9214D5-48C4-4947-9534-6184638BAB34}.Debug|Mixed Platforms.ActiveCfg = Debug|x86
		{6E9214D5-48C4-4947-9534-6184638BAB34}.Debug|Mixed Platforms.Build.0 = Debug|x86
		{6E9214D5-48C4-4947-9534-6184638BAB34}.Debug|x86.ActiveCfg = Debug|x86
		{6E9214D5-48C4-4947-9534-6184638BAB34}.Debug|x86.Build.0 = Debug|x86
		{6E9214D5-48C4-4947-9534-6184638BAB34}.Release|Any CPU.ActiveCfg = Release|x86
		{6E9214D5-48C4-4947-9534-6184638BAB34}.Release|Mixed Platforms.ActiveCfg = Release|x86
		{6E9214D5-48C4-4947-9534-6184638BAB34}.Release|Mixed Platforms.Build.0 = Release|x86
		{6E9214D5-48C4-4947-9534-6184638BAB34}.Release|x86.ActiveCfg = Release|x86
		{6E9214D5-48C4-4947-9534-6184638BAB34}.Release|x86.Build.0 = Release|x86
		{23DD02D7-82B8-4864-9BAE-A730BDBD7B65}.Debug|Any CPU.ActiveCfg = Debug|Any CPU
		{23DD02D7-82B8-4864-9BAE-A730BDBD7B65}.Debug|Any CPU.Build.0 = Debug|Any CPU
		{23DD02D7-82B8-4864-9BAE-A730BDBD7B65}.Debug|Mixed Platforms.ActiveCfg = Debug|Any CPU
		{23DD02D7-82B8-4864-9BAE-A730BDBD7B65}.Debug|Mixed Platforms.Build.0 = Debug|Any CPU
		{23DD02D7-82B8-4864-9BAE-A730BDBD7B65}.Debug|x86.ActiveCfg = Debug|Any CPU
		{23DD02D7-82B8-4864-9BAE-A730BDBD7B65}.Release|Any CPU.ActiveCfg = Release|Any CPU
		{23DD02D7-82B8-4864-9BAE-A730BDBD7B65}.Release|Any CPU.Build.0 = Release|Any CPU
		{23DD02D7-82B8-4864-9BAE-A730BDBD7B65}.Release|Mixed Platforms.ActiveCfg = Release|Any CPU
		{23DD02D7-82B8-4864-9BAE-A730BDBD7B65}.Release|Mixed Platforms.Build.0 = Release|Any CPU
		{23DD02D7-82B8-4864-9BAE-A730BDBD7B65}.Release|x86.ActiveCfg = Release|Any CPU
		{0377CFA4-D1A1-4C59-80A3-40526D2AB763}.Debug|Any CPU.ActiveCfg = Debug|x86
		{0377CFA4-D1A1-4C59-80A3-40526D2AB763}.Debug|Mixed Platforms.ActiveCfg = Debug|x86
		{0377CFA4-D1A1-4C59-80A3-40526D2AB763}.Debug|Mixed Platforms.Build.0 = Debug|x86
		{0377CFA4-D1A1-4C59-80A3-40526D2AB763}.Debug|x86.ActiveCfg = Debug|x86
		{0377CFA4-D1A1-4C59-80A3-40526D2AB763}.Debug|x86.Build.0 = Debug|x86
		{0377CFA4-D1A1-4C59-80A3-40526D2AB763}.Release|Any CPU.ActiveCfg = Release|x86
		{0377CFA4-D1A1-4C59-80A3-40526D2AB763}.Release|Mixed Platforms.ActiveCfg = Release|x86
		{0377CFA4-D1A1-4C59-80A3-40526D2AB763}.Release|Mixed Platforms.Build.0 = Release|x86
		{0377CFA4-D1A1-4C59-80A3-40526D2AB763}.Release|x86.ActiveCfg = Release|x86
		{0377CFA4-D1A1-4C59-80A3-40526D2AB763}.Release|x86.Build.0 = Release|x86
		{BEBC275D-0688-4EF6-9161-8F9FB378E3BE}.Debug|Any CPU.ActiveCfg = Debug|x86
		{BEBC275D-0688-4EF6-9161-8F9FB378E3BE}.Debug|Mixed Platforms.ActiveCfg = Debug|x86
		{BEBC275D-0688-4EF6-9161-8F9FB378E3BE}.Debug|Mixed Platforms.Build.0 = Debug|x86
		{BEBC275D-0688-4EF6-9161-8F9FB378E3BE}.Debug|x86.ActiveCfg = Debug|x86
		{BEBC275D-0688-4EF6-9161-8F9FB378E3BE}.Debug|x86.Build.0 = Debug|x86
		{BEBC275D-0688-4EF6-9161-8F9FB378E3BE}.Release|Any CPU.ActiveCfg = Release|x86
		{BEBC275D-0688-4EF6-9161-8F9FB378E3BE}.Release|Mixed Platforms.ActiveCfg = Release|x86
		{BEBC275D-0688-4EF6-9161-8F9FB378E3BE}.Release|Mixed Platforms.Build.0 = Release|x86
		{BEBC275D-0688-4EF6-9161-8F9FB378E3BE}.Release|x86.ActiveCfg = Release|x86
		{BEBC275D-0688-4EF6-9161-8F9FB378E3BE}.Release|x86.Build.0 = Release|x86
		{44E1570A-302A-41DB-A249-1444962053AC}.Debug|Any CPU.ActiveCfg = Debug|x86
		{44E1570A-302A-41DB-A249-1444962053AC}.Debug|Mixed Platforms.ActiveCfg = Debug|x86
		{44E1570A-302A-41DB-A249-1444962053AC}.Debug|Mixed Platforms.Build.0 = Debug|x86
		{44E1570A-302A-41DB-A249-1444962053AC}.Debug|x86.ActiveCfg = Debug|x86
		{44E1570A-302A-41DB-A249-1444962053AC}.Debug|x86.Build.0 = Debug|x86
		{44E1570A-302A-41DB-A249-1444962053AC}.Release|Any CPU.ActiveCfg = Release|x86
		{44E1570A-302A-41DB-A249-1444962053AC}.Release|Mixed Platforms.ActiveCfg = Release|x86
		{44E1570A-302A-41DB-A249-1444962053AC}.Release|Mixed Platforms.Build.0 = Release|x86
		{44E1570A-302A-41DB-A249-1444962053AC}.Release|x86.ActiveCfg = Release|x86
		{44E1570A-302A-41DB-A249-1444962053AC}.Release|x86.Build.0 = Release|x86
		{BC54F2F2-DB2E-4C89-A731-DCCC3625BF3E}.Debug|Any CPU.ActiveCfg = Debug|Any CPU
		{BC54F2F2-DB2E-4C89-A731-DCCC3625BF3E}.Debug|Any CPU.Build.0 = Debug|Any CPU
		{BC54F2F2-DB2E-4C89-A731-DCCC3625BF3E}.Debug|Mixed Platforms.ActiveCfg = Debug|Any CPU
		{BC54F2F2-DB2E-4C89-A731-DCCC3625BF3E}.Debug|Mixed Platforms.Build.0 = Debug|Any CPU
		{BC54F2F2-DB2E-4C89-A731-DCCC3625BF3E}.Debug|x86.ActiveCfg = Debug|Any CPU
		{BC54F2F2-DB2E-4C89-A731-DCCC3625BF3E}.Release|Any CPU.ActiveCfg = Release|Any CPU
		{BC54F2F2-DB2E-4C89-A731-DCCC3625BF3E}.Release|Any CPU.Build.0 = Release|Any CPU
		{BC54F2F2-DB2E-4C89-A731-DCCC3625BF3E}.Release|Mixed Platforms.ActiveCfg = Release|Any CPU
		{BC54F2F2-DB2E-4C89-A731-DCCC3625BF3E}.Release|Mixed Platforms.Build.0 = Release|Any CPU
		{BC54F2F2-DB2E-4C89-A731-DCCC3625BF3E}.Release|x86.ActiveCfg = Release|Any CPU
		{FC9B6E9E-6EE6-47EE-9223-B8C8DC783BFE}.Debug|Any CPU.ActiveCfg = Debug|x86
		{FC9B6E9E-6EE6-47EE-9223-B8C8DC783BFE}.Debug|Mixed Platforms.ActiveCfg = Debug|x86
		{FC9B6E9E-6EE6-47EE-9223-B8C8DC783BFE}.Debug|Mixed Platforms.Build.0 = Debug|x86
		{FC9B6E9E-6EE6-47EE-9223-B8C8DC783BFE}.Debug|x86.ActiveCfg = Debug|x86
		{FC9B6E9E-6EE6-47EE-9223-B8C8DC783BFE}.Debug|x86.Build.0 = Debug|x86
		{FC9B6E9E-6EE6-47EE-9223-B8C8DC783BFE}.Release|Any CPU.ActiveCfg = Release|x86
		{FC9B6E9E-6EE6-47EE-9223-B8C8DC783BFE}.Release|Mixed Platforms.ActiveCfg = Release|x86
		{FC9B6E9E-6EE6-47EE-9223-B8C8DC783BFE}.Release|Mixed Platforms.Build.0 = Release|x86
		{FC9B6E9E-6EE6-47EE-9223-B8C8DC783BFE}.Release|x86.ActiveCfg = Release|x86
		{FC9B6E9E-6EE6-47EE-9223-B8C8DC783BFE}.Release|x86.Build.0 = Release|x86
		{4B39A930-4188-48A0-A9AC-838C53F9C03B}.Debug|Any CPU.ActiveCfg = Debug|Any CPU
		{4B39A930-4188-48A0-A9AC-838C53F9C03B}.Debug|Any CPU.Build.0 = Debug|Any CPU
		{4B39A930-4188-48A0-A9AC-838C53F9C03B}.Debug|Mixed Platforms.ActiveCfg = Debug|Any CPU
		{4B39A930-4188-48A0-A9AC-838C53F9C03B}.Debug|Mixed Platforms.Build.0 = Debug|Any CPU
		{4B39A930-4188-48A0-A9AC-838C53F9C03B}.Debug|x86.ActiveCfg = Debug|Any CPU
		{4B39A930-4188-48A0-A9AC-838C53F9C03B}.Release|Any CPU.ActiveCfg = Release|Any CPU
		{4B39A930-4188-48A0-A9AC-838C53F9C03B}.Release|Any CPU.Build.0 = Release|Any CPU
		{4B39A930-4188-48A0-A9AC-838C53F9C03B}.Release|Mixed Platforms.ActiveCfg = Release|Any CPU
		{4B39A930-4188-48A0-A9AC-838C53F9C03B}.Release|Mixed Platforms.Build.0 = Release|Any CPU
		{4B39A930-4188-48A0-A9AC-838C53F9C03B}.Release|x86.ActiveCfg = Release|Any CPU
		{2B20F295-D332-4B47-B186-DAF093226621}.Debug|Any CPU.ActiveCfg = Debug|Any CPU
		{2B20F295-D332-4B47-B186-DAF093226621}.Debug|Any CPU.Build.0 = Debug|Any CPU
		{2B20F295-D332-4B47-B186-DAF093226621}.Debug|Mixed Platforms.ActiveCfg = Debug|Any CPU
		{2B20F295-D332-4B47-B186-DAF093226621}.Debug|Mixed Platforms.Build.0 = Debug|Any CPU
		{2B20F295-D332-4B47-B186-DAF093226621}.Debug|x86.ActiveCfg = Debug|Any CPU
		{2B20F295-D332-4B47-B186-DAF093226621}.Release|Any CPU.ActiveCfg = Release|Any CPU
		{2B20F295-D332-4B47-B186-DAF093226621}.Release|Any CPU.Build.0 = Release|Any CPU
		{2B20F295-D332-4B47-B186-DAF093226621}.Release|Mixed Platforms.ActiveCfg = Release|Any CPU
		{2B20F295-D332-4B47-B186-DAF093226621}.Release|Mixed Platforms.Build.0 = Release|Any CPU
		{2B20F295-D332-4B47-B186-DAF093226621}.Release|x86.ActiveCfg = Release|Any CPU
		{5937E22A-39D3-472F-8BA3-5CA2A739B109}.Debug|Any CPU.ActiveCfg = Debug|Any CPU
		{5937E22A-39D3-472F-8BA3-5CA2A739B109}.Debug|Any CPU.Build.0 = Debug|Any CPU
		{5937E22A-39D3-472F-8BA3-5CA2A739B109}.Debug|Mixed Platforms.ActiveCfg = Debug|Any CPU
		{5937E22A-39D3-472F-8BA3-5CA2A739B109}.Debug|Mixed Platforms.Build.0 = Debug|Any CPU
		{5937E22A-39D3-472F-8BA3-5CA2A739B109}.Debug|x86.ActiveCfg = Debug|Any CPU
		{5937E22A-39D3-472F-8BA3-5CA2A739B109}.Release|Any CPU.ActiveCfg = Release|Any CPU
		{5937E22A-39D3-472F-8BA3-5CA2A739B109}.Release|Any CPU.Build.0 = Release|Any CPU
		{5937E22A-39D3-472F-8BA3-5CA2A739B109}.Release|Mixed Platforms.ActiveCfg = Release|Any CPU
		{5937E22A-39D3-472F-8BA3-5CA2A739B109}.Release|Mixed Platforms.Build.0 = Release|Any CPU
		{5937E22A-39D3-472F-8BA3-5CA2A739B109}.Release|x86.ActiveCfg = Release|Any CPU
		{13222627-5EBE-41D5-BA90-A938470F8DD3}.Debug|Any CPU.ActiveCfg = Debug|Any CPU
		{13222627-5EBE-41D5-BA90-A938470F8DD3}.Debug|Any CPU.Build.0 = Debug|Any CPU
		{13222627-5EBE-41D5-BA90-A938470F8DD3}.Debug|Mixed Platforms.ActiveCfg = Debug|Any CPU
		{13222627-5EBE-41D5-BA90-A938470F8DD3}.Debug|Mixed Platforms.Build.0 = Debug|Any CPU
		{13222627-5EBE-41D5-BA90-A938470F8DD3}.Debug|x86.ActiveCfg = Debug|Any CPU
		{13222627-5EBE-41D5-BA90-A938470F8DD3}.Release|Any CPU.ActiveCfg = Release|Any CPU
		{13222627-5EBE-41D5-BA90-A938470F8DD3}.Release|Any CPU.Build.0 = Release|Any CPU
		{13222627-5EBE-41D5-BA90-A938470F8DD3}.Release|Mixed Platforms.ActiveCfg = Release|Any CPU
		{13222627-5EBE-41D5-BA90-A938470F8DD3}.Release|Mixed Platforms.Build.0 = Release|Any CPU
		{13222627-5EBE-41D5-BA90-A938470F8DD3}.Release|x86.ActiveCfg = Release|Any CPU
		{BD9F4AEC-F603-4909-9FD4-06635671BAFF}.Debug|Any CPU.ActiveCfg = Debug|Any CPU
		{BD9F4AEC-F603-4909-9FD4-06635671BAFF}.Debug|Any CPU.Build.0 = Debug|Any CPU
		{BD9F4AEC-F603-4909-9FD4-06635671BAFF}.Debug|Mixed Platforms.ActiveCfg = Debug|Any CPU
		{BD9F4AEC-F603-4909-9FD4-06635671BAFF}.Debug|Mixed Platforms.Build.0 = Debug|Any CPU
		{BD9F4AEC-F603-4909-9FD4-06635671BAFF}.Debug|x86.ActiveCfg = Debug|Any CPU
		{BD9F4AEC-F603-4909-9FD4-06635671BAFF}.Release|Any CPU.ActiveCfg = Release|Any CPU
		{BD9F4AEC-F603-4909-9FD4-06635671BAFF}.Release|Any CPU.Build.0 = Release|Any CPU
		{BD9F4AEC-F603-4909-9FD4-06635671BAFF}.Release|Mixed Platforms.ActiveCfg = Release|Any CPU
		{BD9F4AEC-F603-4909-9FD4-06635671BAFF}.Release|Mixed Platforms.Build.0 = Release|Any CPU
		{BD9F4AEC-F603-4909-9FD4-06635671BAFF}.Release|x86.ActiveCfg = Release|Any CPU
		{1FB4D8A9-A693-4F1B-8338-2897AA3FE857}.Debug|Any CPU.ActiveCfg = Debug|Any CPU
		{1FB4D8A9-A693-4F1B-8338-2897AA3FE857}.Debug|Any CPU.Build.0 = Debug|Any CPU
		{1FB4D8A9-A693-4F1B-8338-2897AA3FE857}.Debug|Mixed Platforms.ActiveCfg = Debug|Any CPU
		{1FB4D8A9-A693-4F1B-8338-2897AA3FE857}.Debug|Mixed Platforms.Build.0 = Debug|Any CPU
		{1FB4D8A9-A693-4F1B-8338-2897AA3FE857}.Debug|x86.ActiveCfg = Debug|Any CPU
		{1FB4D8A9-A693-4F1B-8338-2897AA3FE857}.Release|Any CPU.ActiveCfg = Release|Any CPU
		{1FB4D8A9-A693-4F1B-8338-2897AA3FE857}.Release|Any CPU.Build.0 = Release|Any CPU
		{1FB4D8A9-A693-4F1B-8338-2897AA3FE857}.Release|Mixed Platforms.ActiveCfg = Release|Any CPU
		{1FB4D8A9-A693-4F1B-8338-2897AA3FE857}.Release|Mixed Platforms.Build.0 = Release|Any CPU
		{1FB4D8A9-A693-4F1B-8338-2897AA3FE857}.Release|x86.ActiveCfg = Release|Any CPU
		{EAB8F426-B1FF-428B-A3B5-407AE6143B5F}.Debug|Any CPU.ActiveCfg = Debug|x86
		{EAB8F426-B1FF-428B-A3B5-407AE6143B5F}.Debug|Mixed Platforms.ActiveCfg = Debug|x86
		{EAB8F426-B1FF-428B-A3B5-407AE6143B5F}.Debug|Mixed Platforms.Build.0 = Debug|x86
		{EAB8F426-B1FF-428B-A3B5-407AE6143B5F}.Debug|x86.ActiveCfg = Debug|x86
		{EAB8F426-B1FF-428B-A3B5-407AE6143B5F}.Debug|x86.Build.0 = Debug|x86
		{EAB8F426-B1FF-428B-A3B5-407AE6143B5F}.Release|Any CPU.ActiveCfg = Release|x86
		{EAB8F426-B1FF-428B-A3B5-407AE6143B5F}.Release|Mixed Platforms.ActiveCfg = Release|x86
		{EAB8F426-B1FF-428B-A3B5-407AE6143B5F}.Release|Mixed Platforms.Build.0 = Release|x86
		{EAB8F426-B1FF-428B-A3B5-407AE6143B5F}.Release|x86.ActiveCfg = Release|x86
		{EAB8F426-B1FF-428B-A3B5-407AE6143B5F}.Release|x86.Build.0 = Release|x86
		{43AC3736-BAE2-413D-B8DF-E2FB0ECDAA79}.Debug|Any CPU.ActiveCfg = Debug|Any CPU
		{43AC3736-BAE2-413D-B8DF-E2FB0ECDAA79}.Debug|Any CPU.Build.0 = Debug|Any CPU
		{43AC3736-BAE2-413D-B8DF-E2FB0ECDAA79}.Debug|Mixed Platforms.ActiveCfg = Debug|Any CPU
		{43AC3736-BAE2-413D-B8DF-E2FB0ECDAA79}.Debug|Mixed Platforms.Build.0 = Debug|Any CPU
		{43AC3736-BAE2-413D-B8DF-E2FB0ECDAA79}.Debug|x86.ActiveCfg = Debug|Any CPU
		{43AC3736-BAE2-413D-B8DF-E2FB0ECDAA79}.Release|Any CPU.ActiveCfg = Release|Any CPU
		{43AC3736-BAE2-413D-B8DF-E2FB0ECDAA79}.Release|Any CPU.Build.0 = Release|Any CPU
		{43AC3736-BAE2-413D-B8DF-E2FB0ECDAA79}.Release|Mixed Platforms.ActiveCfg = Release|Any CPU
		{43AC3736-BAE2-413D-B8DF-E2FB0ECDAA79}.Release|Mixed Platforms.Build.0 = Release|Any CPU
		{43AC3736-BAE2-413D-B8DF-E2FB0ECDAA79}.Release|x86.ActiveCfg = Release|Any CPU
	EndGlobalSection
	GlobalSection(SolutionProperties) = preSolution
		HideSolutionNode = FALSE
	EndGlobalSection
	GlobalSection(NestedProjects) = preSolution
		{0D54A695-FCD0-4706-8ACD-F8E2544A01EF} = {2453260D-B6BC-42A7-B8C7-7447793E6EDF}
		{487F7910-65BB-47FA-96DA-3FDAD8204AAF} = {2453260D-B6BC-42A7-B8C7-7447793E6EDF}
		{23DD02D7-82B8-4864-9BAE-A730BDBD7B65} = {2453260D-B6BC-42A7-B8C7-7447793E6EDF}
		{BEBC275D-0688-4EF6-9161-8F9FB378E3BE} = {2453260D-B6BC-42A7-B8C7-7447793E6EDF}
		{BC54F2F2-DB2E-4C89-A731-DCCC3625BF3E} = {2453260D-B6BC-42A7-B8C7-7447793E6EDF}
		{5937E22A-39D3-472F-8BA3-5CA2A739B109} = {2453260D-B6BC-42A7-B8C7-7447793E6EDF}
		{13222627-5EBE-41D5-BA90-A938470F8DD3} = {2453260D-B6BC-42A7-B8C7-7447793E6EDF}
		{BD9F4AEC-F603-4909-9FD4-06635671BAFF} = {2453260D-B6BC-42A7-B8C7-7447793E6EDF}
		{43AC3736-BAE2-413D-B8DF-E2FB0ECDAA79} = {2453260D-B6BC-42A7-B8C7-7447793E6EDF}
		{0C501EC1-7D54-45A1-BDC4-2B239794BBE3} = {52F08C55-F6C8-42E3-B48D-5FE357DF06D6}
		{33593357-36E0-4A73-A47B-1A36F82920E4} = {52F08C55-F6C8-42E3-B48D-5FE357DF06D6}
		{6E9214D5-48C4-4947-9534-6184638BAB34} = {4CA2FDF3-8FAB-4CA1-A99C-0ECED517A5DB}
		{44E1570A-302A-41DB-A249-1444962053AC} = {4CA2FDF3-8FAB-4CA1-A99C-0ECED517A5DB}
		{FC9B6E9E-6EE6-47EE-9223-B8C8DC783BFE} = {4CA2FDF3-8FAB-4CA1-A99C-0ECED517A5DB}
		{EAB8F426-B1FF-428B-A3B5-407AE6143B5F} = {4CA2FDF3-8FAB-4CA1-A99C-0ECED517A5DB}
		{0377CFA4-D1A1-4C59-80A3-40526D2AB763} = {1A18D7A2-8486-434D-87D9-5BE8B766F42F}
		{4B39A930-4188-48A0-A9AC-838C53F9C03B} = {1A18D7A2-8486-434D-87D9-5BE8B766F42F}
		{2B20F295-D332-4B47-B186-DAF093226621} = {1A18D7A2-8486-434D-87D9-5BE8B766F42F}
	EndGlobalSection
EndGlobal
